
Microsoft Visual Studio Solution File, Format Version 12.00
# Visual Studio 15
VisualStudioVersion = 15.0.28307.136
MinimumVisualStudioVersion = 10.0.40219.1
Project("{FAE04EC0-301F-11D3-BF4B-00C04F79EFBC}") = "AmigoInvisible.Android", "AmigoInvisible\AmigoInvisible.Android\AmigoInvisible.Android.csproj", "{35BE8EE5-86D2-451B-B95B-E8A90FA335E0}"
EndProject
Project("{FAE04EC0-301F-11D3-BF4B-00C04F79EFBC}") = "AmigoInvisible", "AmigoInvisible\AmigoInvisible\AmigoInvisible.csproj", "{43D477BE-2D8B-4DD6-AC93-89F3456E04FC}"
EndProject
Global
	GlobalSection(SolutionConfigurationPlatforms) = preSolution
		Debug|Any CPU = Debug|Any CPU
		Release|Any CPU = Release|Any CPU
	EndGlobalSection
	GlobalSection(ProjectConfigurationPlatforms) = postSolution
		{35BE8EE5-86D2-451B-B95B-E8A90FA335E0}.Debug|Any CPU.ActiveCfg = Debug|Any CPU
		{35BE8EE5-86D2-451B-B95B-E8A90FA335E0}.Debug|Any CPU.Build.0 = Debug|Any CPU
		{35BE8EE5-86D2-451B-B95B-E8A90FA335E0}.Debug|Any CPU.Deploy.0 = Debug|Any CPU
		{35BE8EE5-86D2-451B-B95B-E8A90FA335E0}.Release|Any CPU.ActiveCfg = Release|Any CPU
		{35BE8EE5-86D2-451B-B95B-E8A90FA335E0}.Release|Any CPU.Build.0 = Release|Any CPU
		{35BE8EE5-86D2-451B-B95B-E8A90FA335E0}.Release|Any CPU.Deploy.0 = Release|Any CPU
		{43D477BE-2D8B-4DD6-AC93-89F3456E04FC}.Debug|Any CPU.ActiveCfg = Debug|Any CPU
		{43D477BE-2D8B-4DD6-AC93-89F3456E04FC}.Debug|Any CPU.Build.0 = Debug|Any CPU
		{43D477BE-2D8B-4DD6-AC93-89F3456E04FC}.Release|Any CPU.ActiveCfg = Release|Any CPU
		{43D477BE-2D8B-4DD6-AC93-89F3456E04FC}.Release|Any CPU.Build.0 = Release|Any CPU
	EndGlobalSection
	GlobalSection(SolutionProperties) = preSolution
		HideSolutionNode = FALSE
	EndGlobalSection
	GlobalSection(ExtensibilityGlobals) = postSolution
		SolutionGuid = {3D744F78-6ACE-450E-B349-A1F00CC0C6AF}
	EndGlobalSection
EndGlobal
